// !$*UTF8*$!
{
	archiveVersion = 1;
	classes = {
	};
	objectVersion = 77;
	objects = {

/* Begin PBXBuildFile section */
		6B0C62312DCCB56300A43B0D /* Kingfisher in Frameworks */ = {isa = PBXBuildFile; productRef = 6B0C62302DCCB56300A43B0D /* Kingfisher */; };
		6B0C62342DCCB5A100A43B0D /* KeychainSwift in Frameworks */ = {isa = PBXBuildFile; productRef = 6B0C62332DCCB5A100A43B0D /* KeychainSwift */; };
/* End PBXBuildFile section */

/* Begin PBXContainerItemProxy section */
		6B0C61202DCCA40B00A43B0D /* PBXContainerItemProxy */ = {
			isa = PBXContainerItemProxy;
			containerPortal = 6B0C61072DCCA40900A43B0D /* Project object */;
			proxyType = 1;
			remoteGlobalIDString = 6B0C610E2DCCA40900A43B0D;
			remoteInfo = AsynchronousDragonBall;
		};
		6B0C612A2DCCA40B00A43B0D /* PBXContainerItemProxy */ = {
			isa = PBXContainerItemProxy;
			containerPortal = 6B0C61072DCCA40900A43B0D /* Project object */;
			proxyType = 1;
			remoteGlobalIDString = 6B0C610E2DCCA40900A43B0D;
			remoteInfo = AsynchronousDragonBall;
		};
/* End PBXContainerItemProxy section */

/* Begin PBXFileReference section */
		6B0C610F2DCCA40900A43B0D /* AsynchronousDragonBall.app */ = {isa = PBXFileReference; explicitFileType = wrapper.application; includeInIndex = 0; path = AsynchronousDragonBall.app; sourceTree = BUILT_PRODUCTS_DIR; };
		6B0C611F2DCCA40B00A43B0D /* AsynchronousDragonBallTests.xctest */ = {isa = PBXFileReference; explicitFileType = wrapper.cfbundle; includeInIndex = 0; path = AsynchronousDragonBallTests.xctest; sourceTree = BUILT_PRODUCTS_DIR; };
		6B0C61292DCCA40B00A43B0D /* AsynchronousDragonBallUITests.xctest */ = {isa = PBXFileReference; explicitFileType = wrapper.cfbundle; includeInIndex = 0; path = AsynchronousDragonBallUITests.xctest; sourceTree = BUILT_PRODUCTS_DIR; };
/* End PBXFileReference section */

/* Begin PBXFileSystemSynchronizedBuildFileExceptionSet section */
		6B0C61582DCCA9E800A43B0D /* Exceptions for "AsynchronousDragonBallTests" folder in "AsynchronousDragonBall" target */ = {
			isa = PBXFileSystemSynchronizedBuildFileExceptionSet;
			membershipExceptions = (
				AsynchronousDragonBallTests.swift,
			);
			target = 6B0C610E2DCCA40900A43B0D /* AsynchronousDragonBall */;
		};
		6B0C61592DCCA9E800A43B0D /* Exceptions for "AsynchronousDragonBallTests" folder in "AsynchronousDragonBallTests" target */ = {
			isa = PBXFileSystemSynchronizedBuildFileExceptionSet;
			membershipExceptions = (
				AsynchronousDragonBallTests.swift,
			);
			target = 6B0C611E2DCCA40B00A43B0D /* AsynchronousDragonBallTests */;
		};
		6B0C624C2DCCBD6900A43B0D /* Exceptions for "AsynchronousDragonBall" folder in "AsynchronousDragonBall" target */ = {
			isa = PBXFileSystemSynchronizedBuildFileExceptionSet;
			membershipExceptions = (
				Info.plist,
			);
			target = 6B0C610E2DCCA40900A43B0D /* AsynchronousDragonBall */;
		};
/* End PBXFileSystemSynchronizedBuildFileExceptionSet section */

/* Begin PBXFileSystemSynchronizedRootGroup section */
		6B0C61112DCCA40900A43B0D /* AsynchronousDragonBall */ = {
			isa = PBXFileSystemSynchronizedRootGroup;
			exceptions = (
				6B0C624C2DCCBD6900A43B0D /* Exceptions for "AsynchronousDragonBall" folder in "AsynchronousDragonBall" target */,
			);
			path = AsynchronousDragonBall;
			sourceTree = "<group>";
		};
		6B0C612C2DCCA40B00A43B0D /* AsynchronousDragonBallUITests */ = {
			isa = PBXFileSystemSynchronizedRootGroup;
			path = AsynchronousDragonBallUITests;
			sourceTree = "<group>";
		};
		6B0C61562DCCA9E800A43B0D /* AsynchronousDragonBallTests */ = {
			isa = PBXFileSystemSynchronizedRootGroup;
			exceptions = (
				6B0C61582DCCA9E800A43B0D /* Exceptions for "AsynchronousDragonBallTests" folder in "AsynchronousDragonBall" target */,
				6B0C61592DCCA9E800A43B0D /* Exceptions for "AsynchronousDragonBallTests" folder in "AsynchronousDragonBallTests" target */,
			);
			path = AsynchronousDragonBallTests;
			sourceTree = "<group>";
		};
/* End PBXFileSystemSynchronizedRootGroup section */

/* Begin PBXFrameworksBuildPhase section */
		6B0C610C2DCCA40900A43B0D /* Frameworks */ = {
			isa = PBXFrameworksBuildPhase;
			buildActionMask = 2147483647;
			files = (
				6B0C62342DCCB5A100A43B0D /* KeychainSwift in Frameworks */,
				6B0C62312DCCB56300A43B0D /* Kingfisher in Frameworks */,
			);
			runOnlyForDeploymentPostprocessing = 0;
		};
		6B0C611C2DCCA40B00A43B0D /* Frameworks */ = {
			isa = PBXFrameworksBuildPhase;
			buildActionMask = 2147483647;
			files = (
			);
			runOnlyForDeploymentPostprocessing = 0;
		};
		6B0C61262DCCA40B00A43B0D /* Frameworks */ = {
			isa = PBXFrameworksBuildPhase;
			buildActionMask = 2147483647;
			files = (
			);
			runOnlyForDeploymentPostprocessing = 0;
		};
/* End PBXFrameworksBuildPhase section */

/* Begin PBXGroup section */
		6B0C61062DCCA40900A43B0D = {
			isa = PBXGroup;
			children = (
				6B0C61112DCCA40900A43B0D /* AsynchronousDragonBall */,
				6B0C61562DCCA9E800A43B0D /* AsynchronousDragonBallTests */,
				6B0C612C2DCCA40B00A43B0D /* AsynchronousDragonBallUITests */,
				6B0C61102DCCA40900A43B0D /* Products */,
			);
			sourceTree = "<group>";
		};
		6B0C61102DCCA40900A43B0D /* Products */ = {
			isa = PBXGroup;
			children = (
				6B0C610F2DCCA40900A43B0D /* AsynchronousDragonBall.app */,
				6B0C611F2DCCA40B00A43B0D /* AsynchronousDragonBallTests.xctest */,
				6B0C61292DCCA40B00A43B0D /* AsynchronousDragonBallUITests.xctest */,
			);
			name = Products;
			sourceTree = "<group>";
		};
/* End PBXGroup section */

/* Begin PBXNativeTarget section */
		6B0C610E2DCCA40900A43B0D /* AsynchronousDragonBall */ = {
			isa = PBXNativeTarget;
			buildConfigurationList = 6B0C61332DCCA40B00A43B0D /* Build configuration list for PBXNativeTarget "AsynchronousDragonBall" */;
			buildPhases = (
				6B0C610B2DCCA40900A43B0D /* Sources */,
				6B0C610C2DCCA40900A43B0D /* Frameworks */,
				6B0C610D2DCCA40900A43B0D /* Resources */,
			);
			buildRules = (
			);
			dependencies = (
			);
			fileSystemSynchronizedGroups = (
				6B0C61112DCCA40900A43B0D /* AsynchronousDragonBall */,
				6B0C61562DCCA9E800A43B0D /* AsynchronousDragonBallTests */,
			);
			name = AsynchronousDragonBall;
			packageProductDependencies = (
				6B0C62302DCCB56300A43B0D /* Kingfisher */,
				6B0C62332DCCB5A100A43B0D /* KeychainSwift */,
			);
			productName = AsynchronousDragonBall;
			productReference = 6B0C610F2DCCA40900A43B0D /* AsynchronousDragonBall.app */;
			productType = "com.apple.product-type.application";
		};
		6B0C611E2DCCA40B00A43B0D /* AsynchronousDragonBallTests */ = {
			isa = PBXNativeTarget;
			buildConfigurationList = 6B0C61362DCCA40B00A43B0D /* Build configuration list for PBXNativeTarget "AsynchronousDragonBallTests" */;
			buildPhases = (
				6B0C611B2DCCA40B00A43B0D /* Sources */,
				6B0C611C2DCCA40B00A43B0D /* Frameworks */,
				6B0C611D2DCCA40B00A43B0D /* Resources */,
			);
			buildRules = (
			);
			dependencies = (
				6B0C61212DCCA40B00A43B0D /* PBXTargetDependency */,
			);
			name = AsynchronousDragonBallTests;
			packageProductDependencies = (
			);
			productName = AsynchronousDragonBallTests;
			productReference = 6B0C611F2DCCA40B00A43B0D /* AsynchronousDragonBallTests.xctest */;
			productType = "com.apple.product-type.bundle.unit-test";
		};
		6B0C61282DCCA40B00A43B0D /* AsynchronousDragonBallUITests */ = {
			isa = PBXNativeTarget;
			buildConfigurationList = 6B0C61392DCCA40B00A43B0D /* Build configuration list for PBXNativeTarget "AsynchronousDragonBallUITests" */;
			buildPhases = (
				6B0C61252DCCA40B00A43B0D /* Sources */,
				6B0C61262DCCA40B00A43B0D /* Frameworks */,
				6B0C61272DCCA40B00A43B0D /* Resources */,
			);
			buildRules = (
			);
			dependencies = (
				6B0C612B2DCCA40B00A43B0D /* PBXTargetDependency */,
			);
			fileSystemSynchronizedGroups = (
				6B0C612C2DCCA40B00A43B0D /* AsynchronousDragonBallUITests */,
			);
			name = AsynchronousDragonBallUITests;
			packageProductDependencies = (
			);
			productName = AsynchronousDragonBallUITests;
			productReference = 6B0C61292DCCA40B00A43B0D /* AsynchronousDragonBallUITests.xctest */;
			productType = "com.apple.product-type.bundle.ui-testing";
		};
/* End PBXNativeTarget section */

/* Begin PBXProject section */
		6B0C61072DCCA40900A43B0D /* Project object */ = {
			isa = PBXProject;
			attributes = {
				BuildIndependentTargetsInParallel = 1;
				LastSwiftUpdateCheck = 1620;
				LastUpgradeCheck = 1620;
				TargetAttributes = {
					6B0C610E2DCCA40900A43B0D = {
						CreatedOnToolsVersion = 16.2;
					};
					6B0C611E2DCCA40B00A43B0D = {
						CreatedOnToolsVersion = 16.2;
						TestTargetID = 6B0C610E2DCCA40900A43B0D;
					};
					6B0C61282DCCA40B00A43B0D = {
						CreatedOnToolsVersion = 16.2;
						TestTargetID = 6B0C610E2DCCA40900A43B0D;
					};
				};
			};
			buildConfigurationList = 6B0C610A2DCCA40900A43B0D /* Build configuration list for PBXProject "AsynchronousDragonBall" */;
			developmentRegion = en;
			hasScannedForEncodings = 0;
			knownRegions = (
				en,
				Base,
				es,
			);
			mainGroup = 6B0C61062DCCA40900A43B0D;
			minimizedProjectReferenceProxies = 1;
			packageReferences = (
				6B0C622F2DCCB56300A43B0D /* XCRemoteSwiftPackageReference "Kingfisher" */,
				6B0C62322DCCB5A100A43B0D /* XCRemoteSwiftPackageReference "keychain-swift" */,
			);
			preferredProjectObjectVersion = 77;
			productRefGroup = 6B0C61102DCCA40900A43B0D /* Products */;
			projectDirPath = "";
			projectRoot = "";
			targets = (
				6B0C610E2DCCA40900A43B0D /* AsynchronousDragonBall */,
				6B0C611E2DCCA40B00A43B0D /* AsynchronousDragonBallTests */,
				6B0C61282DCCA40B00A43B0D /* AsynchronousDragonBallUITests */,
			);
		};
/* End PBXProject section */

/* Begin PBXResourcesBuildPhase section */
		6B0C610D2DCCA40900A43B0D /* Resources */ = {
			isa = PBXResourcesBuildPhase;
			buildActionMask = 2147483647;
			files = (
			);
			runOnlyForDeploymentPostprocessing = 0;
		};
		6B0C611D2DCCA40B00A43B0D /* Resources */ = {
			isa = PBXResourcesBuildPhase;
			buildActionMask = 2147483647;
			files = (
			);
			runOnlyForDeploymentPostprocessing = 0;
		};
		6B0C61272DCCA40B00A43B0D /* Resources */ = {
			isa = PBXResourcesBuildPhase;
			buildActionMask = 2147483647;
			files = (
			);
			runOnlyForDeploymentPostprocessing = 0;
		};
/* End PBXResourcesBuildPhase section */

/* Begin PBXSourcesBuildPhase section */
		6B0C610B2DCCA40900A43B0D /* Sources */ = {
			isa = PBXSourcesBuildPhase;
			buildActionMask = 2147483647;
			files = (
			);
			runOnlyForDeploymentPostprocessing = 0;
		};
		6B0C611B2DCCA40B00A43B0D /* Sources */ = {
			isa = PBXSourcesBuildPhase;
			buildActionMask = 2147483647;
			files = (
			);
			runOnlyForDeploymentPostprocessing = 0;
		};
		6B0C61252DCCA40B00A43B0D /* Sources */ = {
			isa = PBXSourcesBuildPhase;
			buildActionMask = 2147483647;
			files = (
			);
			runOnlyForDeploymentPostprocessing = 0;
		};
/* End PBXSourcesBuildPhase section */

/* Begin PBXTargetDependency section */
		6B0C61212DCCA40B00A43B0D /* PBXTargetDependency */ = {
			isa = PBXTargetDependency;
			target = 6B0C610E2DCCA40900A43B0D /* AsynchronousDragonBall */;
			targetProxy = 6B0C61202DCCA40B00A43B0D /* PBXContainerItemProxy */;
		};
		6B0C612B2DCCA40B00A43B0D /* PBXTargetDependency */ = {
			isa = PBXTargetDependency;
			target = 6B0C610E2DCCA40900A43B0D /* AsynchronousDragonBall */;
			targetProxy = 6B0C612A2DCCA40B00A43B0D /* PBXContainerItemProxy */;
		};
/* End PBXTargetDependency section */

/* Begin XCBuildConfiguration section */
		6B0C61312DCCA40B00A43B0D /* Debug */ = {
			isa = XCBuildConfiguration;
			buildSettings = {
				ALWAYS_SEARCH_USER_PATHS = NO;
				ASSETCATALOG_COMPILER_GENERATE_SWIFT_ASSET_SYMBOL_EXTENSIONS = YES;
				CLANG_ANALYZER_NONNULL = YES;
				CLANG_ANALYZER_NUMBER_OBJECT_CONVERSION = YES_AGGRESSIVE;
				CLANG_CXX_LANGUAGE_STANDARD = "gnu++20";
				CLANG_ENABLE_MODULES = YES;
				CLANG_ENABLE_OBJC_ARC = YES;
				CLANG_ENABLE_OBJC_WEAK = YES;
				CLANG_WARN_BLOCK_CAPTURE_AUTORELEASING = YES;
				CLANG_WARN_BOOL_CONVERSION = YES;
				CLANG_WARN_COMMA = YES;
				CLANG_WARN_CONSTANT_CONVERSION = YES;
				CLANG_WARN_DEPRECATED_OBJC_IMPLEMENTATIONS = YES;
				CLANG_WARN_DIRECT_OBJC_ISA_USAGE = YES_ERROR;
				CLANG_WARN_DOCUMENTATION_COMMENTS = YES;
				CLANG_WARN_EMPTY_BODY = YES;
				CLANG_WARN_ENUM_CONVERSION = YES;
				CLANG_WARN_INFINITE_RECURSION = YES;
				CLANG_WARN_INT_CONVERSION = YES;
				CLANG_WARN_NON_LITERAL_NULL_CONVERSION = YES;
				CLANG_WARN_OBJC_IMPLICIT_RETAIN_SELF = YES;
				CLANG_WARN_OBJC_LITERAL_CONVERSION = YES;
				CLANG_WARN_OBJC_ROOT_CLASS = YES_ERROR;
				CLANG_WARN_QUOTED_INCLUDE_IN_FRAMEWORK_HEADER = YES;
				CLANG_WARN_RANGE_LOOP_ANALYSIS = YES;
				CLANG_WARN_STRICT_PROTOTYPES = YES;
				CLANG_WARN_SUSPICIOUS_MOVE = YES;
				CLANG_WARN_UNGUARDED_AVAILABILITY = YES_AGGRESSIVE;
				CLANG_WARN_UNREACHABLE_CODE = YES;
				CLANG_WARN__DUPLICATE_METHOD_MATCH = YES;
				COPY_PHASE_STRIP = NO;
				DEBUG_INFORMATION_FORMAT = dwarf;
				ENABLE_STRICT_OBJC_MSGSEND = YES;
				ENABLE_TESTABILITY = YES;
				ENABLE_USER_SCRIPT_SANDBOXING = YES;
				GCC_C_LANGUAGE_STANDARD = gnu17;
				GCC_DYNAMIC_NO_PIC = NO;
				GCC_NO_COMMON_BLOCKS = YES;
				GCC_OPTIMIZATION_LEVEL = 0;
				GCC_PREPROCESSOR_DEFINITIONS = (
					"DEBUG=1",
					"$(inherited)",
				);
				GCC_WARN_64_TO_32_BIT_CONVERSION = YES;
				GCC_WARN_ABOUT_RETURN_TYPE = YES_ERROR;
				GCC_WARN_UNDECLARED_SELECTOR = YES;
				GCC_WARN_UNINITIALIZED_AUTOS = YES_AGGRESSIVE;
				GCC_WARN_UNUSED_FUNCTION = YES;
				GCC_WARN_UNUSED_VARIABLE = YES;
				IPHONEOS_DEPLOYMENT_TARGET = 18.2;
				LOCALIZATION_PREFERS_STRING_CATALOGS = YES;
				MTL_ENABLE_DEBUG_INFO = INCLUDE_SOURCE;
				MTL_FAST_MATH = YES;
				ONLY_ACTIVE_ARCH = YES;
				SDKROOT = iphoneos;
				SWIFT_ACTIVE_COMPILATION_CONDITIONS = "DEBUG $(inherited)";
				SWIFT_OPTIMIZATION_LEVEL = "-Onone";
			};
			name = Debug;
		};
		6B0C61322DCCA40B00A43B0D /* Release */ = {
			isa = XCBuildConfiguration;
			buildSettings = {
				ALWAYS_SEARCH_USER_PATHS = NO;
				ASSETCATALOG_COMPILER_GENERATE_SWIFT_ASSET_SYMBOL_EXTENSIONS = YES;
				CLANG_ANALYZER_NONNULL = YES;
				CLANG_ANALYZER_NUMBER_OBJECT_CONVERSION = YES_AGGRESSIVE;
				CLANG_CXX_LANGUAGE_STANDARD = "gnu++20";
				CLANG_ENABLE_MODULES = YES;
				CLANG_ENABLE_OBJC_ARC = YES;
				CLANG_ENABLE_OBJC_WEAK = YES;
				CLANG_WARN_BLOCK_CAPTURE_AUTORELEASING = YES;
				CLANG_WARN_BOOL_CONVERSION = YES;
				CLANG_WARN_COMMA = YES;
				CLANG_WARN_CONSTANT_CONVERSION = YES;
				CLANG_WARN_DEPRECATED_OBJC_IMPLEMENTATIONS = YES;
				CLANG_WARN_DIRECT_OBJC_ISA_USAGE = YES_ERROR;
				CLANG_WARN_DOCUMENTATION_COMMENTS = YES;
				CLANG_WARN_EMPTY_BODY = YES;
				CLANG_WARN_ENUM_CONVERSION = YES;
				CLANG_WARN_INFINITE_RECURSION = YES;
				CLANG_WARN_INT_CONVERSION = YES;
				CLANG_WARN_NON_LITERAL_NULL_CONVERSION = YES;
				CLANG_WARN_OBJC_IMPLICIT_RETAIN_SELF = YES;
				CLANG_WARN_OBJC_LITERAL_CONVERSION = YES;
				CLANG_WARN_OBJC_ROOT_CLASS = YES_ERROR;
				CLANG_WARN_QUOTED_INCLUDE_IN_FRAMEWORK_HEADER = YES;
				CLANG_WARN_RANGE_LOOP_ANALYSIS = YES;
				CLANG_WARN_STRICT_PROTOTYPES = YES;
				CLANG_WARN_SUSPICIOUS_MOVE = YES;
				CLANG_WARN_UNGUARDED_AVAILABILITY = YES_AGGRESSIVE;
				CLANG_WARN_UNREACHABLE_CODE = YES;
				CLANG_WARN__DUPLICATE_METHOD_MATCH = YES;
				COPY_PHASE_STRIP = NO;
				DEBUG_INFORMATION_FORMAT = "dwarf-with-dsym";
				ENABLE_NS_ASSERTIONS = NO;
				ENABLE_STRICT_OBJC_MSGSEND = YES;
				ENABLE_USER_SCRIPT_SANDBOXING = YES;
				GCC_C_LANGUAGE_STANDARD = gnu17;
				GCC_NO_COMMON_BLOCKS = YES;
				GCC_WARN_64_TO_32_BIT_CONVERSION = YES;
				GCC_WARN_ABOUT_RETURN_TYPE = YES_ERROR;
				GCC_WARN_UNDECLARED_SELECTOR = YES;
				GCC_WARN_UNINITIALIZED_AUTOS = YES_AGGRESSIVE;
				GCC_WARN_UNUSED_FUNCTION = YES;
				GCC_WARN_UNUSED_VARIABLE = YES;
				IPHONEOS_DEPLOYMENT_TARGET = 18.2;
				LOCALIZATION_PREFERS_STRING_CATALOGS = YES;
				MTL_ENABLE_DEBUG_INFO = NO;
				MTL_FAST_MATH = YES;
				SDKROOT = iphoneos;
				SWIFT_COMPILATION_MODE = wholemodule;
				VALIDATE_PRODUCT = YES;
			};
			name = Release;
		};
		6B0C61342DCCA40B00A43B0D /* Debug */ = {
			isa = XCBuildConfiguration;
			buildSettings = {
				ASSETCATALOG_COMPILER_APPICON_NAME = AppIcon;
				ASSETCATALOG_COMPILER_GLOBAL_ACCENT_COLOR_NAME = AccentColor;
				CODE_SIGN_STYLE = Automatic;
				CURRENT_PROJECT_VERSION = 1;
				DEVELOPMENT_ASSET_PATHS = "\"AsynchronousDragonBall/Preview Content\"";
				DEVELOPMENT_TEAM = VAA9LFFTNJ;
				ENABLE_PREVIEWS = YES;
				GENERATE_INFOPLIST_FILE = YES;
				INFOPLIST_FILE = AsynchronousDragonBall/Info.plist;
				INFOPLIST_KEY_UIApplicationSceneManifest_Generation = YES;
				INFOPLIST_KEY_UIApplicationSupportsIndirectInputEvents = YES;
				INFOPLIST_KEY_UILaunchScreen_Generation = YES;
				INFOPLIST_KEY_UISupportedInterfaceOrientations_iPad = "UIInterfaceOrientationPortrait UIInterfaceOrientationPortraitUpsideDown UIInterfaceOrientationLandscapeLeft UIInterfaceOrientationLandscapeRight";
				INFOPLIST_KEY_UISupportedInterfaceOrientations_iPhone = "UIInterfaceOrientationPortrait UIInterfaceOrientationLandscapeLeft UIInterfaceOrientationLandscapeRight";
				LD_RUNPATH_SEARCH_PATHS = (
					"$(inherited)",
					"@executable_path/Frameworks",
				);
				MARKETING_VERSION = 1.0;
				PRODUCT_BUNDLE_IDENTIFIER = com.ireav.AsynchronousDragonBall;
				PRODUCT_NAME = "$(TARGET_NAME)";
				SWIFT_EMIT_LOC_STRINGS = YES;
				SWIFT_VERSION = 5.0;
				TARGETED_DEVICE_FAMILY = "1,2";
			};
			name = Debug;
		};
		6B0C61352DCCA40B00A43B0D /* Release */ = {
			isa = XCBuildConfiguration;
			buildSettings = {
				ASSETCATALOG_COMPILER_APPICON_NAME = AppIcon;
				ASSETCATALOG_COMPILER_GLOBAL_ACCENT_COLOR_NAME = AccentColor;
				CODE_SIGN_STYLE = Automatic;
				CURRENT_PROJECT_VERSION = 1;
				DEVELOPMENT_ASSET_PATHS = "\"AsynchronousDragonBall/Preview Content\"";
				DEVELOPMENT_TEAM = VAA9LFFTNJ;
				ENABLE_PREVIEWS = YES;
				GENERATE_INFOPLIST_FILE = YES;
				INFOPLIST_FILE = AsynchronousDragonBall/Info.plist;
				INFOPLIST_KEY_UIApplicationSceneManifest_Generation = YES;
				INFOPLIST_KEY_UIApplicationSupportsIndirectInputEvents = YES;
				INFOPLIST_KEY_UILaunchScreen_Generation = YES;
				INFOPLIST_KEY_UISupportedInterfaceOrientations_iPad = "UIInterfaceOrientationPortrait UIInterfaceOrientationPortraitUpsideDown UIInterfaceOrientationLandscapeLeft UIInterfaceOrientationLandscapeRight";
				INFOPLIST_KEY_UISupportedInterfaceOrientations_iPhone = "UIInterfaceOrientationPortrait UIInterfaceOrientationLandscapeLeft UIInterfaceOrientationLandscapeRight";
				LD_RUNPATH_SEARCH_PATHS = (
					"$(inherited)",
					"@executable_path/Frameworks",
				);
				MARKETING_VERSION = 1.0;
				PRODUCT_BUNDLE_IDENTIFIER = com.ireav.AsynchronousDragonBall;
				PRODUCT_NAME = "$(TARGET_NAME)";
				SWIFT_EMIT_LOC_STRINGS = YES;
				SWIFT_VERSION = 5.0;
				TARGETED_DEVICE_FAMILY = "1,2";
			};
			name = Release;
		};
		6B0C61372DCCA40B00A43B0D /* Debug */ = {
			isa = XCBuildConfiguration;
			buildSettings = {
				BUNDLE_LOADER = "$(TEST_HOST)";
				CODE_SIGN_STYLE = Automatic;
				CURRENT_PROJECT_VERSION = 1;
				DEVELOPMENT_TEAM = VAA9LFFTNJ;
				GENERATE_INFOPLIST_FILE = YES;
				IPHONEOS_DEPLOYMENT_TARGET = 18.2;
				MARKETING_VERSION = 1.0;
				PRODUCT_BUNDLE_IDENTIFIER = com.ireav.AsynchronousDragonBallTests;
				PRODUCT_NAME = "$(TARGET_NAME)";
				SWIFT_EMIT_LOC_STRINGS = NO;
				SWIFT_VERSION = 5.0;
				TARGETED_DEVICE_FAMILY = "1,2";
				TEST_HOST = "$(BUILT_PRODUCTS_DIR)/AsynchronousDragonBall.app/$(BUNDLE_EXECUTABLE_FOLDER_PATH)/AsynchronousDragonBall";
			};
			name = Debug;
		};
		6B0C61382DCCA40B00A43B0D /* Release */ = {
			isa = XCBuildConfiguration;
			buildSettings = {
				BUNDLE_LOADER = "$(TEST_HOST)";
				CODE_SIGN_STYLE = Automatic;
				CURRENT_PROJECT_VERSION = 1;
				DEVELOPMENT_TEAM = VAA9LFFTNJ;
				GENERATE_INFOPLIST_FILE = YES;
				IPHONEOS_DEPLOYMENT_TARGET = 18.2;
				MARKETING_VERSION = 1.0;
				PRODUCT_BUNDLE_IDENTIFIER = com.ireav.AsynchronousDragonBallTests;
				PRODUCT_NAME = "$(TARGET_NAME)";
				SWIFT_EMIT_LOC_STRINGS = NO;
				SWIFT_VERSION = 5.0;
				TARGETED_DEVICE_FAMILY = "1,2";
				TEST_HOST = "$(BUILT_PRODUCTS_DIR)/AsynchronousDragonBall.app/$(BUNDLE_EXECUTABLE_FOLDER_PATH)/AsynchronousDragonBall";
			};
			name = Release;
		};
		6B0C613A2DCCA40B00A43B0D /* Debug */ = {
			isa = XCBuildConfiguration;
			buildSettings = {
				CODE_SIGN_STYLE = Automatic;
				CURRENT_PROJECT_VERSION = 1;
				DEVELOPMENT_TEAM = VAA9LFFTNJ;
				GENERATE_INFOPLIST_FILE = YES;
				MARKETING_VERSION = 1.0;
				PRODUCT_BUNDLE_IDENTIFIER = com.ireav.AsynchronousDragonBallUITests;
				PRODUCT_NAME = "$(TARGET_NAME)";
				SWIFT_EMIT_LOC_STRINGS = NO;
				SWIFT_VERSION = 5.0;
				TARGETED_DEVICE_FAMILY = "1,2";
				TEST_TARGET_NAME = AsynchronousDragonBall;
			};
			name = Debug;
		};
		6B0C613B2DCCA40B00A43B0D /* Release */ = {
			isa = XCBuildConfiguration;
			buildSettings = {
				CODE_SIGN_STYLE = Automatic;
				CURRENT_PROJECT_VERSION = 1;
				DEVELOPMENT_TEAM = VAA9LFFTNJ;
				GENERATE_INFOPLIST_FILE = YES;
				MARKETING_VERSION = 1.0;
				PRODUCT_BUNDLE_IDENTIFIER = com.ireav.AsynchronousDragonBallUITests;
				PRODUCT_NAME = "$(TARGET_NAME)";
				SWIFT_EMIT_LOC_STRINGS = NO;
				SWIFT_VERSION = 5.0;
				TARGETED_DEVICE_FAMILY = "1,2";
				TEST_TARGET_NAME = AsynchronousDragonBall;
			};
			name = Release;
		};
/* End XCBuildConfiguration section */

/* Begin XCConfigurationList section */
		6B0C610A2DCCA40900A43B0D /* Build configuration list for PBXProject "AsynchronousDragonBall" */ = {
			isa = XCConfigurationList;
			buildConfigurations = (
				6B0C61312DCCA40B00A43B0D /* Debug */,
				6B0C61322DCCA40B00A43B0D /* Release */,
			);
			defaultConfigurationIsVisible = 0;
			defaultConfigurationName = Release;
		};
		6B0C61332DCCA40B00A43B0D /* Build configuration list for PBXNativeTarget "AsynchronousDragonBall" */ = {
			isa = XCConfigurationList;
			buildConfigurations = (
				6B0C61342DCCA40B00A43B0D /* Debug */,
				6B0C61352DCCA40B00A43B0D /* Release */,
			);
			defaultConfigurationIsVisible = 0;
			defaultConfigurationName = Release;
		};
		6B0C61362DCCA40B00A43B0D /* Build configuration list for PBXNativeTarget "AsynchronousDragonBallTests" */ = {
			isa = XCConfigurationList;
			buildConfigurations = (
				6B0C61372DCCA40B00A43B0D /* Debug */,
				6B0C61382DCCA40B00A43B0D /* Release */,
			);
			defaultConfigurationIsVisible = 0;
			defaultConfigurationName = Release;
		};
		6B0C61392DCCA40B00A43B0D /* Build configuration list for PBXNativeTarget "AsynchronousDragonBallUITests" */ = {
			isa = XCConfigurationList;
			buildConfigurations = (
				6B0C613A2DCCA40B00A43B0D /* Debug */,
				6B0C613B2DCCA40B00A43B0D /* Release */,
			);
			defaultConfigurationIsVisible = 0;
			defaultConfigurationName = Release;
		};
/* End XCConfigurationList section */

/* Begin XCRemoteSwiftPackageReference section */
		6B0C622F2DCCB56300A43B0D /* XCRemoteSwiftPackageReference "Kingfisher" */ = {
			isa = XCRemoteSwiftPackageReference;
			repositoryURL = "https://github.com/onevcat/Kingfisher.git";
			requirement = {
				kind = upToNextMajorVersion;
				minimumVersion = 8.3.2;
			};
		};
		6B0C62322DCCB5A100A43B0D /* XCRemoteSwiftPackageReference "keychain-swift" */ = {
			isa = XCRemoteSwiftPackageReference;
			repositoryURL = "https://github.com/evgenyneu/keychain-swift.git";
			requirement = {
				kind = upToNextMajorVersion;
				minimumVersion = 24.0.0;
			};
		};
/* End XCRemoteSwiftPackageReference section */

/* Begin XCSwiftPackageProductDependency section */
		6B0C62302DCCB56300A43B0D /* Kingfisher */ = {
			isa = XCSwiftPackageProductDependency;
			package = 6B0C622F2DCCB56300A43B0D /* XCRemoteSwiftPackageReference "Kingfisher" */;
			productName = Kingfisher;
		};
		6B0C62332DCCB5A100A43B0D /* KeychainSwift */ = {
			isa = XCSwiftPackageProductDependency;
			package = 6B0C62322DCCB5A100A43B0D /* XCRemoteSwiftPackageReference "keychain-swift" */;
			productName = KeychainSwift;
		};
/* End XCSwiftPackageProductDependency section */
	};
	rootObject = 6B0C61072DCCA40900A43B0D /* Project object */;
}
